
Microsoft Visual Studio Solution File, Format Version 12.00
# Visual Studio Version 17
VisualStudioVersion = 17.9.34728.123
MinimumVisualStudioVersion = 10.0.40219.1
Project("{9A19103F-16F7-4668-BE54-9A1E7A4F7556}") = "ApplicationCore", "ApplicationCore\ApplicationCore.csproj", "{8B61A881-6A54-4DD5-8C7F-ADF1E1A110CF}"
EndProject
Project("{9A19103F-16F7-4668-BE54-9A1E7A4F7556}") = "DataAccess", "DataAccess\DataAccess.csproj", "{79065F46-828E-40E7-8925-F89CB015CB5E}"
EndProject
Project("{9A19103F-16F7-4668-BE54-9A1E7A4F7556}") = "WEB", "WEB\WEB.csproj", "{B9767476-0C6A-4B19-922F-1260060A80C4}"
EndProject
Project("{9A19103F-16F7-4668-BE54-9A1E7A4F7556}") = "Business", "Business\Business.csproj", "{71D616AC-275F-493F-BD5E-EE7C2A562600}"
EndProject
Project("{9A19103F-16F7-4668-BE54-9A1E7A4F7556}") = "DTO", "DTO\DTO.csproj", "{43E0D09F-8D68-4B3F-9F37-1B10FC6AA678}"
EndProject
Global
	GlobalSection(SolutionConfigurationPlatforms) = preSolution
		Debug|Any CPU = Debug|Any CPU
		Release|Any CPU = Release|Any CPU
	EndGlobalSection
	GlobalSection(ProjectConfigurationPlatforms) = postSolution
		{8B61A881-6A54-4DD5-8C7F-ADF1E1A110CF}.Debug|Any CPU.ActiveCfg = Debug|Any CPU
		{8B61A881-6A54-4DD5-8C7F-ADF1E1A110CF}.Debug|Any CPU.Build.0 = Debug|Any CPU
		{8B61A881-6A54-4DD5-8C7F-ADF1E1A110CF}.Release|Any CPU.ActiveCfg = Release|Any CPU
		{8B61A881-6A54-4DD5-8C7F-ADF1E1A110CF}.Release|Any CPU.Build.0 = Release|Any CPU
		{79065F46-828E-40E7-8925-F89CB015CB5E}.Debug|Any CPU.ActiveCfg = Debug|Any CPU
		{79065F46-828E-40E7-8925-F89CB015CB5E}.Debug|Any CPU.Build.0 = Debug|Any CPU
		{79065F46-828E-40E7-8925-F89CB015CB5E}.Release|Any CPU.ActiveCfg = Release|Any CPU
		{79065F46-828E-40E7-8925-F89CB015CB5E}.Release|Any CPU.Build.0 = Release|Any CPU
		{B9767476-0C6A-4B19-922F-1260060A80C4}.Debug|Any CPU.ActiveCfg = Debug|Any CPU
		{B9767476-0C6A-4B19-922F-1260060A80C4}.Debug|Any CPU.Build.0 = Debug|Any CPU
		{B9767476-0C6A-4B19-922F-1260060A80C4}.Release|Any CPU.ActiveCfg = Release|Any CPU
		{B9767476-0C6A-4B19-922F-1260060A80C4}.Release|Any CPU.Build.0 = Release|Any CPU
		{71D616AC-275F-493F-BD5E-EE7C2A562600}.Debug|Any CPU.ActiveCfg = Debug|Any CPU
		{71D616AC-275F-493F-BD5E-EE7C2A562600}.Debug|Any CPU.Build.0 = Debug|Any CPU
		{71D616AC-275F-493F-BD5E-EE7C2A562600}.Release|Any CPU.ActiveCfg = Release|Any CPU
		{71D616AC-275F-493F-BD5E-EE7C2A562600}.Release|Any CPU.Build.0 = Release|Any CPU
		{43E0D09F-8D68-4B3F-9F37-1B10FC6AA678}.Debug|Any CPU.ActiveCfg = Debug|Any CPU
		{43E0D09F-8D68-4B3F-9F37-1B10FC6AA678}.Debug|Any CPU.Build.0 = Debug|Any CPU
		{43E0D09F-8D68-4B3F-9F37-1B10FC6AA678}.Release|Any CPU.ActiveCfg = Release|Any CPU
		{43E0D09F-8D68-4B3F-9F37-1B10FC6AA678}.Release|Any CPU.Build.0 = Release|Any CPU
	EndGlobalSection
	GlobalSection(SolutionProperties) = preSolution
		HideSolutionNode = FALSE
	EndGlobalSection
	GlobalSection(ExtensibilityGlobals) = postSolution
		SolutionGuid = {56F32690-4A73-40EC-8E6B-2D83C05F6BBA}
	EndGlobalSection
EndGlobal
